
Microsoft Visual Studio Solution File, Format Version 12.00
# Visual Studio 2017
Project("{FAE04EC0-301F-11D3-BF4B-00C04F79EFBC}") = "Map Test", "Map Test.csproj", "{EE203CE2-EE9A-C652-12B5-B16A34E20CF6}"
EndProject
Global
	GlobalSection(SolutionConfigurationPlatforms) = preSolution
		Debug|Any CPU = Debug|Any CPU
		Release|Any CPU = Release|Any CPU
	EndGlobalSection
	GlobalSection(ProjectConfigurationPlatforms) = postSolution
		{EE203CE2-EE9A-C652-12B5-B16A34E20CF6}.Debug|Any CPU.ActiveCfg = Debug|Any CPU
		{EE203CE2-EE9A-C652-12B5-B16A34E20CF6}.Debug|Any CPU.Build.0 = Debug|Any CPU
		{EE203CE2-EE9A-C652-12B5-B16A34E20CF6}.Release|Any CPU.ActiveCfg = Release|Any CPU
		{EE203CE2-EE9A-C652-12B5-B16A34E20CF6}.Release|Any CPU.Build.0 = Release|Any CPU
	EndGlobalSection
	GlobalSection(SolutionProperties) = preSolution
		HideSolutionNode = FALSE
	EndGlobalSection
EndGlobal
